
Microsoft Visual Studio Solution File, Format Version 12.00
# Visual Studio 15
VisualStudioVersion = 15.0.28307.705
MinimumVisualStudioVersion = 10.0.40219.1
Project("{FAE04EC0-301F-11D3-BF4B-00C04F79EFBC}") = "QuanLyTrungTam", "QuanLyTrungTam\QuanLyTrungTam.csproj", "{CE8A2756-4E54-414A-AA63-776A14346CE5}"
EndProject
Project("{FAE04EC0-301F-11D3-BF4B-00C04F79EFBC}") = "QuanLyTrungTam_Entity", "QuanLyNhaHang_Entity\QuanLyTrungTam_Entity.csproj", "{0D089AB2-E47D-4967-94F0-56518DF07CE0}"
EndProject
Project("{FAE04EC0-301F-11D3-BF4B-00C04F79EFBC}") = "QuanLyTrungTam_Data", "QuanLyTrungTam_Data\QuanLyTrungTam_Data.csproj", "{64A55160-2960-479C-A0AE-BA5154C39146}"
EndProject
Project("{FAE04EC0-301F-11D3-BF4B-00C04F79EFBC}") = "QuanLyTrungTam_BUS", "QuanLyTrungTam_BUS\QuanLyTrungTam_BUS.csproj", "{DF64FA91-50A0-4267-8852-C4DBF4DBB3C6}"
EndProject
Global
	GlobalSection(SolutionConfigurationPlatforms) = preSolution
		Debug|Any CPU = Debug|Any CPU
		Release|Any CPU = Release|Any CPU
	EndGlobalSection
	GlobalSection(ProjectConfigurationPlatforms) = postSolution
		{CE8A2756-4E54-414A-AA63-776A14346CE5}.Debug|Any CPU.ActiveCfg = Debug|Any CPU
		{CE8A2756-4E54-414A-AA63-776A14346CE5}.Debug|Any CPU.Build.0 = Debug|Any CPU
		{CE8A2756-4E54-414A-AA63-776A14346CE5}.Release|Any CPU.ActiveCfg = Release|Any CPU
		{CE8A2756-4E54-414A-AA63-776A14346CE5}.Release|Any CPU.Build.0 = Release|Any CPU
		{0D089AB2-E47D-4967-94F0-56518DF07CE0}.Debug|Any CPU.ActiveCfg = Debug|Any CPU
		{0D089AB2-E47D-4967-94F0-56518DF07CE0}.Debug|Any CPU.Build.0 = Debug|Any CPU
		{0D089AB2-E47D-4967-94F0-56518DF07CE0}.Release|Any CPU.ActiveCfg = Release|Any CPU
		{0D089AB2-E47D-4967-94F0-56518DF07CE0}.Release|Any CPU.Build.0 = Release|Any CPU
		{64A55160-2960-479C-A0AE-BA5154C39146}.Debug|Any CPU.ActiveCfg = Debug|Any CPU
		{64A55160-2960-479C-A0AE-BA5154C39146}.Debug|Any CPU.Build.0 = Debug|Any CPU
		{64A55160-2960-479C-A0AE-BA5154C39146}.Release|Any CPU.ActiveCfg = Release|Any CPU
		{64A55160-2960-479C-A0AE-BA5154C39146}.Release|Any CPU.Build.0 = Release|Any CPU
		{DF64FA91-50A0-4267-8852-C4DBF4DBB3C6}.Debug|Any CPU.ActiveCfg = Debug|Any CPU
		{DF64FA91-50A0-4267-8852-C4DBF4DBB3C6}.Debug|Any CPU.Build.0 = Debug|Any CPU
		{DF64FA91-50A0-4267-8852-C4DBF4DBB3C6}.Release|Any CPU.ActiveCfg = Release|Any CPU
		{DF64FA91-50A0-4267-8852-C4DBF4DBB3C6}.Release|Any CPU.Build.0 = Release|Any CPU
	EndGlobalSection
	GlobalSection(SolutionProperties) = preSolution
		HideSolutionNode = FALSE
	EndGlobalSection
	GlobalSection(ExtensibilityGlobals) = postSolution
		SolutionGuid = {4B153066-D303-4EEA-B0F8-566AD515D0F2}
	EndGlobalSection
EndGlobal
